// !$*UTF8*$!
{
	archiveVersion = 1;
	classes = {
	};
	objectVersion = 50;
	objects = {

/* Begin PBXBuildFile section */
		040AC6D5221216CA00778A5A /* TableView.swift in Sources */ = {isa = PBXBuildFile; fileRef = 040AC6D4221216CA00778A5A /* TableView.swift */; };
		040AC6D72212190900778A5A /* ResourcesTableViewCell.swift in Sources */ = {isa = PBXBuildFile; fileRef = 040AC6D62212190900778A5A /* ResourcesTableViewCell.swift */; };
		040AC6D92212196100778A5A /* ResourcesTableViewController.swift in Sources */ = {isa = PBXBuildFile; fileRef = 040AC6D82212196100778A5A /* ResourcesTableViewController.swift */; };
		040AC6DB2212284300778A5A /* DetailViewController.swift in Sources */ = {isa = PBXBuildFile; fileRef = 040AC6DA2212284300778A5A /* DetailViewController.swift */; };
		040AC6DD2212286300778A5A /* DetailView.swift in Sources */ = {isa = PBXBuildFile; fileRef = 040AC6DC2212286300778A5A /* DetailView.swift */; };
		040AC6DF2212474200778A5A /* TimelineView.swift in Sources */ = {isa = PBXBuildFile; fileRef = 040AC6DE2212474200778A5A /* TimelineView.swift */; };
		040AC6E122125F5600778A5A /* TimelineCollectionViewCell.swift in Sources */ = {isa = PBXBuildFile; fileRef = 040AC6E022125F5600778A5A /* TimelineCollectionViewCell.swift */; };
		04C68923220CFD690081355C /* AppDelegate.swift in Sources */ = {isa = PBXBuildFile; fileRef = 04C68922220CFD690081355C /* AppDelegate.swift */; };
		04C6892A220CFD6C0081355C /* Assets.xcassets in Resources */ = {isa = PBXBuildFile; fileRef = 04C68929220CFD6C0081355C /* Assets.xcassets */; };
		04C6892D220CFD6C0081355C /* LaunchScreen.storyboard in Resources */ = {isa = PBXBuildFile; fileRef = 04C6892B220CFD6C0081355C /* LaunchScreen.storyboard */; };
		04C68997220E35900081355C /* TimeLineViewController.swift in Sources */ = {isa = PBXBuildFile; fileRef = 04C68996220E35900081355C /* TimeLineViewController.swift */; };
		04C68999220E35B00081355C /* ResourcesViewController.swift in Sources */ = {isa = PBXBuildFile; fileRef = 04C68998220E35B00081355C /* ResourcesViewController.swift */; };
		04C6899B220E39C00081355C /* OrganizationProfileViewController.swift in Sources */ = {isa = PBXBuildFile; fileRef = 04C6899A220E39C00081355C /* OrganizationProfileViewController.swift */; };
		04C6899D220E3BAE0081355C /* ResourcesView.swift in Sources */ = {isa = PBXBuildFile; fileRef = 04C6899C220E3BAE0081355C /* ResourcesView.swift */; };
		04C6899F220E3D4A0081355C /* ResourcesCollectionViewCell.swift in Sources */ = {isa = PBXBuildFile; fileRef = 04C6899E220E3D4A0081355C /* ResourcesCollectionViewCell.swift */; };
		04C689A1220FDD280081355C /* ProfileView.swift in Sources */ = {isa = PBXBuildFile; fileRef = 04C689A0220FDD280081355C /* ProfileView.swift */; };
		04C689A3220FE6940081355C /* SignInView.swift in Sources */ = {isa = PBXBuildFile; fileRef = 04C689A2220FE6940081355C /* SignInView.swift */; };
		04C689A5220FE6A40081355C /* SignUpView.swift in Sources */ = {isa = PBXBuildFile; fileRef = 04C689A4220FE6A40081355C /* SignUpView.swift */; };
		04C689A7220FE6DE0081355C /* SignInViewController.swift in Sources */ = {isa = PBXBuildFile; fileRef = 04C689A6220FE6DE0081355C /* SignInViewController.swift */; };
		04C689A9220FE6EA0081355C /* SignUpViewController.swift in Sources */ = {isa = PBXBuildFile; fileRef = 04C689A8220FE6EA0081355C /* SignUpViewController.swift */; };
/* End PBXBuildFile section */

/* Begin PBXFileReference section */
		040AC6D4221216CA00778A5A /* TableView.swift */ = {isa = PBXFileReference; lastKnownFileType = sourcecode.swift; path = TableView.swift; sourceTree = "<group>"; };
		040AC6D62212190900778A5A /* ResourcesTableViewCell.swift */ = {isa = PBXFileReference; lastKnownFileType = sourcecode.swift; path = ResourcesTableViewCell.swift; sourceTree = "<group>"; };
		040AC6D82212196100778A5A /* ResourcesTableViewController.swift */ = {isa = PBXFileReference; lastKnownFileType = sourcecode.swift; path = ResourcesTableViewController.swift; sourceTree = "<group>"; };
		040AC6DA2212284300778A5A /* DetailViewController.swift */ = {isa = PBXFileReference; lastKnownFileType = sourcecode.swift; path = DetailViewController.swift; sourceTree = "<group>"; };
		040AC6DC2212286300778A5A /* DetailView.swift */ = {isa = PBXFileReference; lastKnownFileType = sourcecode.swift; path = DetailView.swift; sourceTree = "<group>"; };
		040AC6DE2212474200778A5A /* TimelineView.swift */ = {isa = PBXFileReference; lastKnownFileType = sourcecode.swift; path = TimelineView.swift; sourceTree = "<group>"; };
		040AC6E022125F5600778A5A /* TimelineCollectionViewCell.swift */ = {isa = PBXFileReference; lastKnownFileType = sourcecode.swift; path = TimelineCollectionViewCell.swift; sourceTree = "<group>"; };
		04C6891F220CFD690081355C /* VConnect.app */ = {isa = PBXFileReference; explicitFileType = wrapper.application; includeInIndex = 0; path = VConnect.app; sourceTree = BUILT_PRODUCTS_DIR; };
		04C68922220CFD690081355C /* AppDelegate.swift */ = {isa = PBXFileReference; lastKnownFileType = sourcecode.swift; path = AppDelegate.swift; sourceTree = "<group>"; };
		04C68929220CFD6C0081355C /* Assets.xcassets */ = {isa = PBXFileReference; lastKnownFileType = folder.assetcatalog; path = Assets.xcassets; sourceTree = "<group>"; };
		04C6892C220CFD6C0081355C /* Base */ = {isa = PBXFileReference; lastKnownFileType = file.storyboard; name = Base; path = Base.lproj/LaunchScreen.storyboard; sourceTree = "<group>"; };
		04C6892E220CFD6C0081355C /* Info.plist */ = {isa = PBXFileReference; lastKnownFileType = text.plist.xml; path = Info.plist; sourceTree = "<group>"; };
		04C68996220E35900081355C /* TimeLineViewController.swift */ = {isa = PBXFileReference; lastKnownFileType = sourcecode.swift; path = TimeLineViewController.swift; sourceTree = "<group>"; };
		04C68998220E35B00081355C /* ResourcesViewController.swift */ = {isa = PBXFileReference; lastKnownFileType = sourcecode.swift; path = ResourcesViewController.swift; sourceTree = "<group>"; };
		04C6899A220E39C00081355C /* OrganizationProfileViewController.swift */ = {isa = PBXFileReference; lastKnownFileType = sourcecode.swift; path = OrganizationProfileViewController.swift; sourceTree = "<group>"; };
		04C6899C220E3BAE0081355C /* ResourcesView.swift */ = {isa = PBXFileReference; lastKnownFileType = sourcecode.swift; path = ResourcesView.swift; sourceTree = "<group>"; };
		04C6899E220E3D4A0081355C /* ResourcesCollectionViewCell.swift */ = {isa = PBXFileReference; lastKnownFileType = sourcecode.swift; path = ResourcesCollectionViewCell.swift; sourceTree = "<group>"; };
		04C689A0220FDD280081355C /* ProfileView.swift */ = {isa = PBXFileReference; lastKnownFileType = sourcecode.swift; path = ProfileView.swift; sourceTree = "<group>"; };
		04C689A2220FE6940081355C /* SignInView.swift */ = {isa = PBXFileReference; lastKnownFileType = sourcecode.swift; path = SignInView.swift; sourceTree = "<group>"; };
		04C689A4220FE6A40081355C /* SignUpView.swift */ = {isa = PBXFileReference; lastKnownFileType = sourcecode.swift; path = SignUpView.swift; sourceTree = "<group>"; };
		04C689A6220FE6DE0081355C /* SignInViewController.swift */ = {isa = PBXFileReference; lastKnownFileType = sourcecode.swift; path = SignInViewController.swift; sourceTree = "<group>"; };
		04C689A8220FE6EA0081355C /* SignUpViewController.swift */ = {isa = PBXFileReference; lastKnownFileType = sourcecode.swift; path = SignUpViewController.swift; sourceTree = "<group>"; };
/* End PBXFileReference section */

/* Begin PBXFrameworksBuildPhase section */
		04C6891C220CFD690081355C /* Frameworks */ = {
			isa = PBXFrameworksBuildPhase;
			buildActionMask = 2147483647;
			files = (
			);
			runOnlyForDeploymentPostprocessing = 0;
		};
/* End PBXFrameworksBuildPhase section */

/* Begin PBXGroup section */
		040AC6CF2212152700778A5A /* ViewControllers */ = {
			isa = PBXGroup;
			children = (
				040AC6D32212161700778A5A /* Cell */,
				04C68996220E35900081355C /* TimeLineViewController.swift */,
				04C68998220E35B00081355C /* ResourcesViewController.swift */,
				040AC6D82212196100778A5A /* ResourcesTableViewController.swift */,
				040AC6DA2212284300778A5A /* DetailViewController.swift */,
				04C689A6220FE6DE0081355C /* SignInViewController.swift */,
				04C689A8220FE6EA0081355C /* SignUpViewController.swift */,
				04C6899A220E39C00081355C /* OrganizationProfileViewController.swift */,
			);
			path = ViewControllers;
			sourceTree = "<group>";
		};
		040AC6D22212158E00778A5A /* Views */ = {
			isa = PBXGroup;
			children = (
				04C689A0220FDD280081355C /* ProfileView.swift */,
				040AC6D4221216CA00778A5A /* TableView.swift */,
				040AC6DE2212474200778A5A /* TimelineView.swift */,
				04C689A2220FE6940081355C /* SignInView.swift */,
				04C689A4220FE6A40081355C /* SignUpView.swift */,
				04C6899C220E3BAE0081355C /* ResourcesView.swift */,
				040AC6DC2212286300778A5A /* DetailView.swift */,
			);
			path = Views;
			sourceTree = "<group>";
		};
		040AC6D32212161700778A5A /* Cell */ = {
			isa = PBXGroup;
			children = (
				04C6899E220E3D4A0081355C /* ResourcesCollectionViewCell.swift */,
				040AC6E022125F5600778A5A /* TimelineCollectionViewCell.swift */,
				040AC6D62212190900778A5A /* ResourcesTableViewCell.swift */,
			);
			path = Cell;
			sourceTree = "<group>";
		};
		04C68916220CFD690081355C = {
			isa = PBXGroup;
			children = (
				04C68921220CFD690081355C /* VConnect */,
				04C68920220CFD690081355C /* Products */,
			);
			sourceTree = "<group>";
		};
		04C68920220CFD690081355C /* Products */ = {
			isa = PBXGroup;
			children = (
				04C6891F220CFD690081355C /* VConnect.app */,
			);
			name = Products;
			sourceTree = "<group>";
		};
		04C68921220CFD690081355C /* VConnect */ = {
			isa = PBXGroup;
			children = (
				04C68922220CFD690081355C /* AppDelegate.swift */,
				040AC6D22212158E00778A5A /* Views */,
				040AC6CF2212152700778A5A /* ViewControllers */,
				04C68929220CFD6C0081355C /* Assets.xcassets */,
				04C6892B220CFD6C0081355C /* LaunchScreen.storyboard */,
				04C6892E220CFD6C0081355C /* Info.plist */,
			);
			path = VConnect;
			sourceTree = "<group>";
		};
/* End PBXGroup section */

/* Begin PBXNativeTarget section */
		04C6891E220CFD690081355C /* VConnect */ = {
			isa = PBXNativeTarget;
			buildConfigurationList = 04C68931220CFD6C0081355C /* Build configuration list for PBXNativeTarget "VConnect" */;
			buildPhases = (
				04C6891B220CFD690081355C /* Sources */,
				04C6891C220CFD690081355C /* Frameworks */,
				04C6891D220CFD690081355C /* Resources */,
			);
			buildRules = (
			);
			dependencies = (
			);
			name = VConnect;
			productName = VConnect;
			productReference = 04C6891F220CFD690081355C /* VConnect.app */;
			productType = "com.apple.product-type.application";
		};
/* End PBXNativeTarget section */

/* Begin PBXProject section */
		04C68917220CFD690081355C /* Project object */ = {
			isa = PBXProject;
			attributes = {
				LastSwiftUpdateCheck = 1010;
				LastUpgradeCheck = 1010;
				ORGANIZATIONNAME = "EnProTech Group";
				TargetAttributes = {
					04C6891E220CFD690081355C = {
						CreatedOnToolsVersion = 10.1;
					};
				};
			};
			buildConfigurationList = 04C6891A220CFD690081355C /* Build configuration list for PBXProject "VConnect" */;
			compatibilityVersion = "Xcode 9.3";
			developmentRegion = en;
			hasScannedForEncodings = 0;
			knownRegions = (
				en,
				Base,
			);
			mainGroup = 04C68916220CFD690081355C;
			productRefGroup = 04C68920220CFD690081355C /* Products */;
			projectDirPath = "";
			projectRoot = "";
			targets = (
				04C6891E220CFD690081355C /* VConnect */,
			);
		};
/* End PBXProject section */

/* Begin PBXResourcesBuildPhase section */
		04C6891D220CFD690081355C /* Resources */ = {
			isa = PBXResourcesBuildPhase;
			buildActionMask = 2147483647;
			files = (
				04C6892D220CFD6C0081355C /* LaunchScreen.storyboard in Resources */,
				04C6892A220CFD6C0081355C /* Assets.xcassets in Resources */,
			);
			runOnlyForDeploymentPostprocessing = 0;
		};
/* End PBXResourcesBuildPhase section */

/* Begin PBXSourcesBuildPhase section */
		04C6891B220CFD690081355C /* Sources */ = {
			isa = PBXSourcesBuildPhase;
			buildActionMask = 2147483647;
			files = (
				04C689A9220FE6EA0081355C /* SignUpViewController.swift in Sources */,
				040AC6D5221216CA00778A5A /* TableView.swift in Sources */,
				04C6899F220E3D4A0081355C /* ResourcesCollectionViewCell.swift in Sources */,
				040AC6D92212196100778A5A /* ResourcesTableViewController.swift in Sources */,
				04C68999220E35B00081355C /* ResourcesViewController.swift in Sources */,
				04C68923220CFD690081355C /* AppDelegate.swift in Sources */,
				040AC6D72212190900778A5A /* ResourcesTableViewCell.swift in Sources */,
				04C68997220E35900081355C /* TimeLineViewController.swift in Sources */,
				040AC6E122125F5600778A5A /* TimelineCollectionViewCell.swift in Sources */,
				04C6899B220E39C00081355C /* OrganizationProfileViewController.swift in Sources */,
				040AC6DD2212286300778A5A /* DetailView.swift in Sources */,
				04C689A1220FDD280081355C /* ProfileView.swift in Sources */,
				04C689A3220FE6940081355C /* SignInView.swift in Sources */,
				04C689A5220FE6A40081355C /* SignUpView.swift in Sources */,
				040AC6DB2212284300778A5A /* DetailViewController.swift in Sources */,
				04C689A7220FE6DE0081355C /* SignInViewController.swift in Sources */,
				040AC6DF2212474200778A5A /* TimelineView.swift in Sources */,
				04C6899D220E3BAE0081355C /* ResourcesView.swift in Sources */,
			);
			runOnlyForDeploymentPostprocessing = 0;
		};
/* End PBXSourcesBuildPhase section */

/* Begin PBXVariantGroup section */
		04C6892B220CFD6C0081355C /* LaunchScreen.storyboard */ = {
			isa = PBXVariantGroup;
			children = (
				04C6892C220CFD6C0081355C /* Base */,
			);
			name = LaunchScreen.storyboard;
			sourceTree = "<group>";
		};
/* End PBXVariantGroup section */

/* Begin XCBuildConfiguration section */
		04C6892F220CFD6C0081355C /* Debug */ = {
			isa = XCBuildConfiguration;
			buildSettings = {
				ALWAYS_SEARCH_USER_PATHS = NO;
				CLANG_ANALYZER_NONNULL = YES;
				CLANG_ANALYZER_NUMBER_OBJECT_CONVERSION = YES_AGGRESSIVE;
				CLANG_CXX_LANGUAGE_STANDARD = "gnu++14";
				CLANG_CXX_LIBRARY = "libc++";
				CLANG_ENABLE_MODULES = YES;
				CLANG_ENABLE_OBJC_ARC = YES;
				CLANG_ENABLE_OBJC_WEAK = YES;
				CLANG_WARN_BLOCK_CAPTURE_AUTORELEASING = YES;
				CLANG_WARN_BOOL_CONVERSION = YES;
				CLANG_WARN_COMMA = YES;
				CLANG_WARN_CONSTANT_CONVERSION = YES;
				CLANG_WARN_DEPRECATED_OBJC_IMPLEMENTATIONS = YES;
				CLANG_WARN_DIRECT_OBJC_ISA_USAGE = YES_ERROR;
				CLANG_WARN_DOCUMENTATION_COMMENTS = YES;
				CLANG_WARN_EMPTY_BODY = YES;
				CLANG_WARN_ENUM_CONVERSION = YES;
				CLANG_WARN_INFINITE_RECURSION = YES;
				CLANG_WARN_INT_CONVERSION = YES;
				CLANG_WARN_NON_LITERAL_NULL_CONVERSION = YES;
				CLANG_WARN_OBJC_IMPLICIT_RETAIN_SELF = YES;
				CLANG_WARN_OBJC_LITERAL_CONVERSION = YES;
				CLANG_WARN_OBJC_ROOT_CLASS = YES_ERROR;
				CLANG_WARN_RANGE_LOOP_ANALYSIS = YES;
				CLANG_WARN_STRICT_PROTOTYPES = YES;
				CLANG_WARN_SUSPICIOUS_MOVE = YES;
				CLANG_WARN_UNGUARDED_AVAILABILITY = YES_AGGRESSIVE;
				CLANG_WARN_UNREACHABLE_CODE = YES;
				CLANG_WARN__DUPLICATE_METHOD_MATCH = YES;
				CODE_SIGN_IDENTITY = "iPhone Developer";
				COPY_PHASE_STRIP = NO;
				DEBUG_INFORMATION_FORMAT = dwarf;
				ENABLE_STRICT_OBJC_MSGSEND = YES;
				ENABLE_TESTABILITY = YES;
				GCC_C_LANGUAGE_STANDARD = gnu11;
				GCC_DYNAMIC_NO_PIC = NO;
				GCC_NO_COMMON_BLOCKS = YES;
				GCC_OPTIMIZATION_LEVEL = 0;
				GCC_PREPROCESSOR_DEFINITIONS = (
					"DEBUG=1",
					"$(inherited)",
				);
				GCC_WARN_64_TO_32_BIT_CONVERSION = YES;
				GCC_WARN_ABOUT_RETURN_TYPE = YES_ERROR;
				GCC_WARN_UNDECLARED_SELECTOR = YES;
				GCC_WARN_UNINITIALIZED_AUTOS = YES_AGGRESSIVE;
				GCC_WARN_UNUSED_FUNCTION = YES;
				GCC_WARN_UNUSED_VARIABLE = YES;
				IPHONEOS_DEPLOYMENT_TARGET = 12.1;
				MTL_ENABLE_DEBUG_INFO = INCLUDE_SOURCE;
				MTL_FAST_MATH = YES;
				ONLY_ACTIVE_ARCH = YES;
				SDKROOT = iphoneos;
				SWIFT_ACTIVE_COMPILATION_CONDITIONS = DEBUG;
				SWIFT_OPTIMIZATION_LEVEL = "-Onone";
			};
			name = Debug;
		};
		04C68930220CFD6C0081355C /* Release */ = {
			isa = XCBuildConfiguration;
			buildSettings = {
				ALWAYS_SEARCH_USER_PATHS = NO;
				CLANG_ANALYZER_NONNULL = YES;
				CLANG_ANALYZER_NUMBER_OBJECT_CONVERSION = YES_AGGRESSIVE;
				CLANG_CXX_LANGUAGE_STANDARD = "gnu++14";
				CLANG_CXX_LIBRARY = "libc++";
				CLANG_ENABLE_MODULES = YES;
				CLANG_ENABLE_OBJC_ARC = YES;
				CLANG_ENABLE_OBJC_WEAK = YES;
				CLANG_WARN_BLOCK_CAPTURE_AUTORELEASING = YES;
				CLANG_WARN_BOOL_CONVERSION = YES;
				CLANG_WARN_COMMA = YES;
				CLANG_WARN_CONSTANT_CONVERSION = YES;
				CLANG_WARN_DEPRECATED_OBJC_IMPLEMENTATIONS = YES;
				CLANG_WARN_DIRECT_OBJC_ISA_USAGE = YES_ERROR;
				CLANG_WARN_DOCUMENTATION_COMMENTS = YES;
				CLANG_WARN_EMPTY_BODY = YES;
				CLANG_WARN_ENUM_CONVERSION = YES;
				CLANG_WARN_INFINITE_RECURSION = YES;
				CLANG_WARN_INT_CONVERSION = YES;
				CLANG_WARN_NON_LITERAL_NULL_CONVERSION = YES;
				CLANG_WARN_OBJC_IMPLICIT_RETAIN_SELF = YES;
				CLANG_WARN_OBJC_LITERAL_CONVERSION = YES;
				CLANG_WARN_OBJC_ROOT_CLASS = YES_ERROR;
				CLANG_WARN_RANGE_LOOP_ANALYSIS = YES;
				CLANG_WARN_STRICT_PROTOTYPES = YES;
				CLANG_WARN_SUSPICIOUS_MOVE = YES;
				CLANG_WARN_UNGUARDED_AVAILABILITY = YES_AGGRESSIVE;
				CLANG_WARN_UNREACHABLE_CODE = YES;
				CLANG_WARN__DUPLICATE_METHOD_MATCH = YES;
				CODE_SIGN_IDENTITY = "iPhone Developer";
				COPY_PHASE_STRIP = NO;
				DEBUG_INFORMATION_FORMAT = "dwarf-with-dsym";
				ENABLE_NS_ASSERTIONS = NO;
				ENABLE_STRICT_OBJC_MSGSEND = YES;
				GCC_C_LANGUAGE_STANDARD = gnu11;
				GCC_NO_COMMON_BLOCKS = YES;
				GCC_WARN_64_TO_32_BIT_CONVERSION = YES;
				GCC_WARN_ABOUT_RETURN_TYPE = YES_ERROR;
				GCC_WARN_UNDECLARED_SELECTOR = YES;
				GCC_WARN_UNINITIALIZED_AUTOS = YES_AGGRESSIVE;
				GCC_WARN_UNUSED_FUNCTION = YES;
				GCC_WARN_UNUSED_VARIABLE = YES;
				IPHONEOS_DEPLOYMENT_TARGET = 12.1;
				MTL_ENABLE_DEBUG_INFO = NO;
				MTL_FAST_MATH = YES;
				SDKROOT = iphoneos;
				SWIFT_COMPILATION_MODE = wholemodule;
				SWIFT_OPTIMIZATION_LEVEL = "-O";
				VALIDATE_PRODUCT = YES;
			};
			name = Release;
		};
		04C68932220CFD6C0081355C /* Debug */ = {
			isa = XCBuildConfiguration;
			buildSettings = {
				ASSETCATALOG_COMPILER_APPICON_NAME = AppIcon;
				CODE_SIGN_STYLE = Automatic;
				DEVELOPMENT_TEAM = 697KD42Z5Z;
				INFOPLIST_FILE = VConnect/Info.plist;
				LD_RUNPATH_SEARCH_PATHS = (
					"$(inherited)",
					"@executable_path/Frameworks",
				);
				PRODUCT_BUNDLE_IDENTIFIER = org.EnproTech.VConnect;
				PRODUCT_NAME = "$(TARGET_NAME)";
				SWIFT_VERSION = 4.2;
				TARGETED_DEVICE_FAMILY = "1,2";
			};
			name = Debug;
		};
		04C68933220CFD6C0081355C /* Release */ = {
			isa = XCBuildConfiguration;
			buildSettings = {
				ASSETCATALOG_COMPILER_APPICON_NAME = AppIcon;
				CODE_SIGN_STYLE = Automatic;
				DEVELOPMENT_TEAM = 697KD42Z5Z;
				INFOPLIST_FILE = VConnect/Info.plist;
				LD_RUNPATH_SEARCH_PATHS = (
					"$(inherited)",
					"@executable_path/Frameworks",
				);
				PRODUCT_BUNDLE_IDENTIFIER = org.EnproTech.VConnect;
				PRODUCT_NAME = "$(TARGET_NAME)";
				SWIFT_VERSION = 4.2;
				TARGETED_DEVICE_FAMILY = "1,2";
			};
			name = Release;
		};
/* End XCBuildConfiguration section */

/* Begin XCConfigurationList section */
		04C6891A220CFD690081355C /* Build configuration list for PBXProject "VConnect" */ = {
			isa = XCConfigurationList;
			buildConfigurations = (
				04C6892F220CFD6C0081355C /* Debug */,
				04C68930220CFD6C0081355C /* Release */,
			);
			defaultConfigurationIsVisible = 0;
			defaultConfigurationName = Release;
		};
		04C68931220CFD6C0081355C /* Build configuration list for PBXNativeTarget "VConnect" */ = {
			isa = XCConfigurationList;
			buildConfigurations = (
				04C68932220CFD6C0081355C /* Debug */,
				04C68933220CFD6C0081355C /* Release */,
			);
			defaultConfigurationIsVisible = 0;
			defaultConfigurationName = Release;
		};
/* End XCConfigurationList section */
	};
	rootObject = 04C68917220CFD690081355C /* Project object */;
}
