// !$*UTF8*$!
{
	archiveVersion = 1;
	classes = {
	};
	objectVersion = 50;
	objects = {

/* Begin PBXBuildFile section */
		040337762217B58C0063960B /* LaunchViewController.swift in Sources */ = {isa = PBXBuildFile; fileRef = 040337752217B58C0063960B /* LaunchViewController.swift */; };
		040337782217B6B50063960B /* LauchView.swift in Sources */ = {isa = PBXBuildFile; fileRef = 040337772217B6B50063960B /* LauchView.swift */; };
		040AC6D5221216CA00778A5A /* TableView.swift in Sources */ = {isa = PBXBuildFile; fileRef = 040AC6D4221216CA00778A5A /* TableView.swift */; };
		040AC6D72212190900778A5A /* ResourcesTableViewCell.swift in Sources */ = {isa = PBXBuildFile; fileRef = 040AC6D62212190900778A5A /* ResourcesTableViewCell.swift */; };
		040AC6D92212196100778A5A /* ResourcesTableViewController.swift in Sources */ = {isa = PBXBuildFile; fileRef = 040AC6D82212196100778A5A /* ResourcesTableViewController.swift */; };
		040AC6DB2212284300778A5A /* DetailViewController.swift in Sources */ = {isa = PBXBuildFile; fileRef = 040AC6DA2212284300778A5A /* DetailViewController.swift */; };
		040AC6DD2212286300778A5A /* DetailView.swift in Sources */ = {isa = PBXBuildFile; fileRef = 040AC6DC2212286300778A5A /* DetailView.swift */; };
		040AC6DF2212474200778A5A /* TimelineView.swift in Sources */ = {isa = PBXBuildFile; fileRef = 040AC6DE2212474200778A5A /* TimelineView.swift */; };
		040AC6E122125F5600778A5A /* TimelineCollectionViewCell.swift in Sources */ = {isa = PBXBuildFile; fileRef = 040AC6E022125F5600778A5A /* TimelineCollectionViewCell.swift */; };
		04272D622218C44C00A42EC4 /* signedInViewController.swift in Sources */ = {isa = PBXBuildFile; fileRef = 04272D612218C44C00A42EC4 /* signedInViewController.swift */; };
		04272D642219188900A42EC4 /* PostViewController.swift in Sources */ = {isa = PBXBuildFile; fileRef = 04272D632219188900A42EC4 /* PostViewController.swift */; };
		04272D6622191B2900A42EC4 /* PostView.swift in Sources */ = {isa = PBXBuildFile; fileRef = 04272D6522191B2900A42EC4 /* PostView.swift */; };
		04433A752224E911009D6646 /* GoogleNewsModel.swift in Sources */ = {isa = PBXBuildFile; fileRef = 04433A742224E911009D6646 /* GoogleNewsModel.swift */; };
		04433A772224EC66009D6646 /* GlobalNewsAPI.swift in Sources */ = {isa = PBXBuildFile; fileRef = 04433A762224EC66009D6646 /* GlobalNewsAPI.swift */; };
		04433A792224EE7B009D6646 /* NetworkHelper.swift in Sources */ = {isa = PBXBuildFile; fileRef = 04433A782224EE7B009D6646 /* NetworkHelper.swift */; };
		04433A7D2224EEBE009D6646 /* AppErrors.swift in Sources */ = {isa = PBXBuildFile; fileRef = 04433A7C2224EEBE009D6646 /* AppErrors.swift */; };
		04433A7F2224EEF9009D6646 /* SecretKeys.swift in Sources */ = {isa = PBXBuildFile; fileRef = 04433A7E2224EEF9009D6646 /* SecretKeys.swift */; };
		04433A812224F89E009D6646 /* ImageHelper.swift in Sources */ = {isa = PBXBuildFile; fileRef = 04433A802224F89E009D6646 /* ImageHelper.swift */; };
		0452D84C2223BAA5003FBF59 /* TimelineDetailViewController.swift in Sources */ = {isa = PBXBuildFile; fileRef = 0452D84B2223BAA5003FBF59 /* TimelineDetailViewController.swift */; };
		0452D84E2223BAC9003FBF59 /* TimeLineDetailView.swift in Sources */ = {isa = PBXBuildFile; fileRef = 0452D84D2223BAC9003FBF59 /* TimeLineDetailView.swift */; };
		0468839B22272F9400FFD91E /* GoogleService-Info.plist in Resources */ = {isa = PBXBuildFile; fileRef = 0468839A22272F9400FFD91E /* GoogleService-Info.plist */; };
		0468839D222741C500FFD91E /* Usersession.swift in Sources */ = {isa = PBXBuildFile; fileRef = 0468839C222741C500FFD91E /* Usersession.swift */; };
		0468839F22285D7700FFD91E /* DatabaseManager.swift in Sources */ = {isa = PBXBuildFile; fileRef = 0468839E22285D7700FFD91E /* DatabaseManager.swift */; };
		046883A1222861E400FFD91E /* OrganizationModel.swift in Sources */ = {isa = PBXBuildFile; fileRef = 046883A0222861E400FFD91E /* OrganizationModel.swift */; };
		046883A32229E4EC00FFD91E /* DataBaseKeys.swift in Sources */ = {isa = PBXBuildFile; fileRef = 046883A22229E4EC00FFD91E /* DataBaseKeys.swift */; };
		0470C6EF22249CCE00FB795C /* TabBarViewController.swift in Sources */ = {isa = PBXBuildFile; fileRef = 0470C6EE22249CCE00FB795C /* TabBarViewController.swift */; };
		0470C6F12224AFF400FB795C /* Main.storyboard in Resources */ = {isa = PBXBuildFile; fileRef = 0470C6F02224AFF400FB795C /* Main.storyboard */; };
		0470C6F32224B1F700FB795C /* ProfileTableViewController.swift in Sources */ = {isa = PBXBuildFile; fileRef = 0470C6F22224B1F700FB795C /* ProfileTableViewController.swift */; };
		049D8E8B221A16E200BB2AB4 /* HelperMethods.swift in Sources */ = {isa = PBXBuildFile; fileRef = 049D8E8A221A16E200BB2AB4 /* HelperMethods.swift */; };
		04C68923220CFD690081355C /* AppDelegate.swift in Sources */ = {isa = PBXBuildFile; fileRef = 04C68922220CFD690081355C /* AppDelegate.swift */; };
		04C6892A220CFD6C0081355C /* Assets.xcassets in Resources */ = {isa = PBXBuildFile; fileRef = 04C68929220CFD6C0081355C /* Assets.xcassets */; };
		04C6892D220CFD6C0081355C /* LaunchScreen.storyboard in Resources */ = {isa = PBXBuildFile; fileRef = 04C6892B220CFD6C0081355C /* LaunchScreen.storyboard */; };
		04C68997220E35900081355C /* TimeLineViewController.swift in Sources */ = {isa = PBXBuildFile; fileRef = 04C68996220E35900081355C /* TimeLineViewController.swift */; };
		04C68999220E35B00081355C /* ResourcesViewController.swift in Sources */ = {isa = PBXBuildFile; fileRef = 04C68998220E35B00081355C /* ResourcesViewController.swift */; };
		04C6899B220E39C00081355C /* AdminLoginViewController.swift in Sources */ = {isa = PBXBuildFile; fileRef = 04C6899A220E39C00081355C /* AdminLoginViewController.swift */; };
		04C6899D220E3BAE0081355C /* ResourcesView.swift in Sources */ = {isa = PBXBuildFile; fileRef = 04C6899C220E3BAE0081355C /* ResourcesView.swift */; };
		04C6899F220E3D4A0081355C /* ResourcesCollectionViewCell.swift in Sources */ = {isa = PBXBuildFile; fileRef = 04C6899E220E3D4A0081355C /* ResourcesCollectionViewCell.swift */; };
		04C689A1220FDD280081355C /* LoginView.swift in Sources */ = {isa = PBXBuildFile; fileRef = 04C689A0220FDD280081355C /* LoginView.swift */; };
		04C689A3220FE6940081355C /* SignInView.swift in Sources */ = {isa = PBXBuildFile; fileRef = 04C689A2220FE6940081355C /* SignInView.swift */; };
		6F0B183F2EDAAEEF67D79B95 /* Pods_VConnect.framework in Frameworks */ = {isa = PBXBuildFile; fileRef = E0D6E904C469BB137D243622 /* Pods_VConnect.framework */; };
/* End PBXBuildFile section */

/* Begin PBXFileReference section */
		040337752217B58C0063960B /* LaunchViewController.swift */ = {isa = PBXFileReference; lastKnownFileType = sourcecode.swift; path = LaunchViewController.swift; sourceTree = "<group>"; };
		040337772217B6B50063960B /* LauchView.swift */ = {isa = PBXFileReference; lastKnownFileType = sourcecode.swift; path = LauchView.swift; sourceTree = "<group>"; };
		040AC6D4221216CA00778A5A /* TableView.swift */ = {isa = PBXFileReference; lastKnownFileType = sourcecode.swift; path = TableView.swift; sourceTree = "<group>"; };
		040AC6D62212190900778A5A /* ResourcesTableViewCell.swift */ = {isa = PBXFileReference; lastKnownFileType = sourcecode.swift; path = ResourcesTableViewCell.swift; sourceTree = "<group>"; };
		040AC6D82212196100778A5A /* ResourcesTableViewController.swift */ = {isa = PBXFileReference; lastKnownFileType = sourcecode.swift; path = ResourcesTableViewController.swift; sourceTree = "<group>"; };
		040AC6DA2212284300778A5A /* DetailViewController.swift */ = {isa = PBXFileReference; lastKnownFileType = sourcecode.swift; path = DetailViewController.swift; sourceTree = "<group>"; };
		040AC6DC2212286300778A5A /* DetailView.swift */ = {isa = PBXFileReference; lastKnownFileType = sourcecode.swift; path = DetailView.swift; sourceTree = "<group>"; };
		040AC6DE2212474200778A5A /* TimelineView.swift */ = {isa = PBXFileReference; lastKnownFileType = sourcecode.swift; path = TimelineView.swift; sourceTree = "<group>"; };
		040AC6E022125F5600778A5A /* TimelineCollectionViewCell.swift */ = {isa = PBXFileReference; lastKnownFileType = sourcecode.swift; path = TimelineCollectionViewCell.swift; sourceTree = "<group>"; };
		04272D612218C44C00A42EC4 /* signedInViewController.swift */ = {isa = PBXFileReference; fileEncoding = 4; lastKnownFileType = sourcecode.swift; path = signedInViewController.swift; sourceTree = "<group>"; };
		04272D632219188900A42EC4 /* PostViewController.swift */ = {isa = PBXFileReference; lastKnownFileType = sourcecode.swift; path = PostViewController.swift; sourceTree = "<group>"; };
		04272D6522191B2900A42EC4 /* PostView.swift */ = {isa = PBXFileReference; lastKnownFileType = sourcecode.swift; path = PostView.swift; sourceTree = "<group>"; };
		04433A742224E911009D6646 /* GoogleNewsModel.swift */ = {isa = PBXFileReference; lastKnownFileType = sourcecode.swift; path = GoogleNewsModel.swift; sourceTree = "<group>"; };
		04433A762224EC66009D6646 /* GlobalNewsAPI.swift */ = {isa = PBXFileReference; lastKnownFileType = sourcecode.swift; path = GlobalNewsAPI.swift; sourceTree = "<group>"; };
		04433A782224EE7B009D6646 /* NetworkHelper.swift */ = {isa = PBXFileReference; lastKnownFileType = sourcecode.swift; path = NetworkHelper.swift; sourceTree = "<group>"; };
		04433A7C2224EEBE009D6646 /* AppErrors.swift */ = {isa = PBXFileReference; lastKnownFileType = sourcecode.swift; path = AppErrors.swift; sourceTree = "<group>"; };
		04433A7E2224EEF9009D6646 /* SecretKeys.swift */ = {isa = PBXFileReference; lastKnownFileType = sourcecode.swift; path = SecretKeys.swift; sourceTree = "<group>"; };
		04433A802224F89E009D6646 /* ImageHelper.swift */ = {isa = PBXFileReference; lastKnownFileType = sourcecode.swift; path = ImageHelper.swift; sourceTree = "<group>"; };
		0452D84B2223BAA5003FBF59 /* TimelineDetailViewController.swift */ = {isa = PBXFileReference; lastKnownFileType = sourcecode.swift; path = TimelineDetailViewController.swift; sourceTree = "<group>"; };
		0452D84D2223BAC9003FBF59 /* TimeLineDetailView.swift */ = {isa = PBXFileReference; lastKnownFileType = sourcecode.swift; path = TimeLineDetailView.swift; sourceTree = "<group>"; };
		0468839A22272F9400FFD91E /* GoogleService-Info.plist */ = {isa = PBXFileReference; fileEncoding = 4; lastKnownFileType = text.plist.xml; path = "GoogleService-Info.plist"; sourceTree = "<group>"; };
		0468839C222741C500FFD91E /* Usersession.swift */ = {isa = PBXFileReference; lastKnownFileType = sourcecode.swift; path = Usersession.swift; sourceTree = "<group>"; };
		0468839E22285D7700FFD91E /* DatabaseManager.swift */ = {isa = PBXFileReference; lastKnownFileType = sourcecode.swift; path = DatabaseManager.swift; sourceTree = "<group>"; };
		046883A0222861E400FFD91E /* OrganizationModel.swift */ = {isa = PBXFileReference; lastKnownFileType = sourcecode.swift; path = OrganizationModel.swift; sourceTree = "<group>"; };
		046883A22229E4EC00FFD91E /* DataBaseKeys.swift */ = {isa = PBXFileReference; lastKnownFileType = sourcecode.swift; path = DataBaseKeys.swift; sourceTree = "<group>"; };
		0470C6EE22249CCE00FB795C /* TabBarViewController.swift */ = {isa = PBXFileReference; lastKnownFileType = sourcecode.swift; path = TabBarViewController.swift; sourceTree = "<group>"; };
		0470C6F02224AFF400FB795C /* Main.storyboard */ = {isa = PBXFileReference; lastKnownFileType = file.storyboard; path = Main.storyboard; sourceTree = "<group>"; };
		0470C6F22224B1F700FB795C /* ProfileTableViewController.swift */ = {isa = PBXFileReference; lastKnownFileType = sourcecode.swift; path = ProfileTableViewController.swift; sourceTree = "<group>"; };
		049D8E8A221A16E200BB2AB4 /* HelperMethods.swift */ = {isa = PBXFileReference; lastKnownFileType = sourcecode.swift; path = HelperMethods.swift; sourceTree = "<group>"; };
		04C6891F220CFD690081355C /* VConnect.app */ = {isa = PBXFileReference; explicitFileType = wrapper.application; includeInIndex = 0; path = VConnect.app; sourceTree = BUILT_PRODUCTS_DIR; };
		04C68922220CFD690081355C /* AppDelegate.swift */ = {isa = PBXFileReference; lastKnownFileType = sourcecode.swift; path = AppDelegate.swift; sourceTree = "<group>"; };
		04C68929220CFD6C0081355C /* Assets.xcassets */ = {isa = PBXFileReference; lastKnownFileType = folder.assetcatalog; path = Assets.xcassets; sourceTree = "<group>"; };
		04C6892C220CFD6C0081355C /* Base */ = {isa = PBXFileReference; lastKnownFileType = file.storyboard; name = Base; path = Base.lproj/LaunchScreen.storyboard; sourceTree = "<group>"; };
		04C6892E220CFD6C0081355C /* Info.plist */ = {isa = PBXFileReference; lastKnownFileType = text.plist.xml; path = Info.plist; sourceTree = "<group>"; };
		04C68996220E35900081355C /* TimeLineViewController.swift */ = {isa = PBXFileReference; lastKnownFileType = sourcecode.swift; path = TimeLineViewController.swift; sourceTree = "<group>"; };
		04C68998220E35B00081355C /* ResourcesViewController.swift */ = {isa = PBXFileReference; lastKnownFileType = sourcecode.swift; path = ResourcesViewController.swift; sourceTree = "<group>"; };
		04C6899A220E39C00081355C /* AdminLoginViewController.swift */ = {isa = PBXFileReference; lastKnownFileType = sourcecode.swift; path = AdminLoginViewController.swift; sourceTree = "<group>"; };
		04C6899C220E3BAE0081355C /* ResourcesView.swift */ = {isa = PBXFileReference; lastKnownFileType = sourcecode.swift; path = ResourcesView.swift; sourceTree = "<group>"; };
		04C6899E220E3D4A0081355C /* ResourcesCollectionViewCell.swift */ = {isa = PBXFileReference; lastKnownFileType = sourcecode.swift; path = ResourcesCollectionViewCell.swift; sourceTree = "<group>"; };
		04C689A0220FDD280081355C /* LoginView.swift */ = {isa = PBXFileReference; lastKnownFileType = sourcecode.swift; path = LoginView.swift; sourceTree = "<group>"; };
		04C689A2220FE6940081355C /* SignInView.swift */ = {isa = PBXFileReference; lastKnownFileType = sourcecode.swift; path = SignInView.swift; sourceTree = "<group>"; };
		1517AF616C1DE3D910D4E87A /* Pods-VConnect.release.xcconfig */ = {isa = PBXFileReference; includeInIndex = 1; lastKnownFileType = text.xcconfig; name = "Pods-VConnect.release.xcconfig"; path = "Target Support Files/Pods-VConnect/Pods-VConnect.release.xcconfig"; sourceTree = "<group>"; };
		E050E8B55D5AF4A063B40A22 /* Pods-VConnect.debug.xcconfig */ = {isa = PBXFileReference; includeInIndex = 1; lastKnownFileType = text.xcconfig; name = "Pods-VConnect.debug.xcconfig"; path = "Target Support Files/Pods-VConnect/Pods-VConnect.debug.xcconfig"; sourceTree = "<group>"; };
		E0D6E904C469BB137D243622 /* Pods_VConnect.framework */ = {isa = PBXFileReference; explicitFileType = wrapper.framework; includeInIndex = 0; path = Pods_VConnect.framework; sourceTree = BUILT_PRODUCTS_DIR; };
/* End PBXFileReference section */

/* Begin PBXFrameworksBuildPhase section */
		04C6891C220CFD690081355C /* Frameworks */ = {
			isa = PBXFrameworksBuildPhase;
			buildActionMask = 2147483647;
			files = (
				6F0B183F2EDAAEEF67D79B95 /* Pods_VConnect.framework in Frameworks */,
			);
			runOnlyForDeploymentPostprocessing = 0;
		};
/* End PBXFrameworksBuildPhase section */

/* Begin PBXGroup section */
		040AC6CF2212152700778A5A /* ViewControllers */ = {
			isa = PBXGroup;
			children = (
				040AC6D32212161700778A5A /* Cell */,
				04C68996220E35900081355C /* TimeLineViewController.swift */,
				0470C6EE22249CCE00FB795C /* TabBarViewController.swift */,
				0470C6F22224B1F700FB795C /* ProfileTableViewController.swift */,
				040337752217B58C0063960B /* LaunchViewController.swift */,
				04C68998220E35B00081355C /* ResourcesViewController.swift */,
				0452D84B2223BAA5003FBF59 /* TimelineDetailViewController.swift */,
				040AC6D82212196100778A5A /* ResourcesTableViewController.swift */,
				040AC6DA2212284300778A5A /* DetailViewController.swift */,
				04272D612218C44C00A42EC4 /* signedInViewController.swift */,
				04272D632219188900A42EC4 /* PostViewController.swift */,
				04C6899A220E39C00081355C /* AdminLoginViewController.swift */,
				0468839C222741C500FFD91E /* Usersession.swift */,
			);
			path = ViewControllers;
			sourceTree = "<group>";
		};
		040AC6D22212158E00778A5A /* Views */ = {
			isa = PBXGroup;
			children = (
				04C689A0220FDD280081355C /* LoginView.swift */,
				040AC6D4221216CA00778A5A /* TableView.swift */,
				040337772217B6B50063960B /* LauchView.swift */,
				040AC6DE2212474200778A5A /* TimelineView.swift */,
				0452D84D2223BAC9003FBF59 /* TimeLineDetailView.swift */,
				0470C6F02224AFF400FB795C /* Main.storyboard */,
				04C689A2220FE6940081355C /* SignInView.swift */,
				04C6899C220E3BAE0081355C /* ResourcesView.swift */,
				04272D6522191B2900A42EC4 /* PostView.swift */,
				040AC6DC2212286300778A5A /* DetailView.swift */,
			);
			path = Views;
			sourceTree = "<group>";
		};
		040AC6D32212161700778A5A /* Cell */ = {
			isa = PBXGroup;
			children = (
				04C6899E220E3D4A0081355C /* ResourcesCollectionViewCell.swift */,
				040AC6E022125F5600778A5A /* TimelineCollectionViewCell.swift */,
				040AC6D62212190900778A5A /* ResourcesTableViewCell.swift */,
			);
			path = Cell;
			sourceTree = "<group>";
		};
		04433A732224E8DD009D6646 /* Models */ = {
			isa = PBXGroup;
			children = (
				04433A742224E911009D6646 /* GoogleNewsModel.swift */,
				046883A0222861E400FFD91E /* OrganizationModel.swift */,
				04433A762224EC66009D6646 /* GlobalNewsAPI.swift */,
				04433A802224F89E009D6646 /* ImageHelper.swift */,
				04433A782224EE7B009D6646 /* NetworkHelper.swift */,
				04433A7C2224EEBE009D6646 /* AppErrors.swift */,
				04433A7E2224EEF9009D6646 /* SecretKeys.swift */,
			);
			path = Models;
			sourceTree = "<group>";
		};
		049D8E89221A16C100BB2AB4 /* Supporting files */ = {
			isa = PBXGroup;
			children = (
			);
			path = "Supporting files";
			sourceTree = "<group>";
		};
		04C68916220CFD690081355C = {
			isa = PBXGroup;
			children = (
				04C68921220CFD690081355C /* VConnect */,
				04C68920220CFD690081355C /* Products */,
				D113C0809B48C66DB567D00D /* Pods */,
				BA2DDEE80DD2801A144F5259 /* Frameworks */,
			);
			sourceTree = "<group>";
		};
		04C68920220CFD690081355C /* Products */ = {
			isa = PBXGroup;
			children = (
				04C6891F220CFD690081355C /* VConnect.app */,
			);
			name = Products;
			sourceTree = "<group>";
		};
		04C68921220CFD690081355C /* VConnect */ = {
			isa = PBXGroup;
			children = (
				049D8E89221A16C100BB2AB4 /* Supporting files */,
				04C68922220CFD690081355C /* AppDelegate.swift */,
				049D8E8A221A16E200BB2AB4 /* HelperMethods.swift */,
				0468839E22285D7700FFD91E /* DatabaseManager.swift */,
				046883A22229E4EC00FFD91E /* DataBaseKeys.swift */,
				04433A732224E8DD009D6646 /* Models */,
				040AC6D22212158E00778A5A /* Views */,
				040AC6CF2212152700778A5A /* ViewControllers */,
				04C68929220CFD6C0081355C /* Assets.xcassets */,
				04C6892B220CFD6C0081355C /* LaunchScreen.storyboard */,
				04C6892E220CFD6C0081355C /* Info.plist */,
				0468839A22272F9400FFD91E /* GoogleService-Info.plist */,
			);
			path = VConnect;
			sourceTree = "<group>";
		};
		BA2DDEE80DD2801A144F5259 /* Frameworks */ = {
			isa = PBXGroup;
			children = (
				E0D6E904C469BB137D243622 /* Pods_VConnect.framework */,
			);
			name = Frameworks;
			sourceTree = "<group>";
		};
		D113C0809B48C66DB567D00D /* Pods */ = {
			isa = PBXGroup;
			children = (
				E050E8B55D5AF4A063B40A22 /* Pods-VConnect.debug.xcconfig */,
				1517AF616C1DE3D910D4E87A /* Pods-VConnect.release.xcconfig */,
			);
			path = Pods;
			sourceTree = "<group>";
		};
/* End PBXGroup section */

/* Begin PBXNativeTarget section */
		04C6891E220CFD690081355C /* VConnect */ = {
			isa = PBXNativeTarget;
			buildConfigurationList = 04C68931220CFD6C0081355C /* Build configuration list for PBXNativeTarget "VConnect" */;
			buildPhases = (
				3A92D8E31105423C3BBD2E57 /* [CP] Check Pods Manifest.lock */,
				04C6891B220CFD690081355C /* Sources */,
				04C6891C220CFD690081355C /* Frameworks */,
				04C6891D220CFD690081355C /* Resources */,
				C6E77912F7302E4586657239 /* [CP] Embed Pods Frameworks */,
			);
			buildRules = (
			);
			dependencies = (
			);
			name = VConnect;
			productName = VConnect;
			productReference = 04C6891F220CFD690081355C /* VConnect.app */;
			productType = "com.apple.product-type.application";
		};
/* End PBXNativeTarget section */

/* Begin PBXProject section */
		04C68917220CFD690081355C /* Project object */ = {
			isa = PBXProject;
			attributes = {
				LastSwiftUpdateCheck = 1010;
				LastUpgradeCheck = 1010;
				ORGANIZATIONNAME = "EnProTech Group";
				TargetAttributes = {
					04C6891E220CFD690081355C = {
						CreatedOnToolsVersion = 10.1;
					};
				};
			};
			buildConfigurationList = 04C6891A220CFD690081355C /* Build configuration list for PBXProject "VConnect" */;
			compatibilityVersion = "Xcode 9.3";
			developmentRegion = en;
			hasScannedForEncodings = 0;
			knownRegions = (
				en,
				Base,
			);
			mainGroup = 04C68916220CFD690081355C;
			productRefGroup = 04C68920220CFD690081355C /* Products */;
			projectDirPath = "";
			projectRoot = "";
			targets = (
				04C6891E220CFD690081355C /* VConnect */,
			);
		};
/* End PBXProject section */

/* Begin PBXResourcesBuildPhase section */
		04C6891D220CFD690081355C /* Resources */ = {
			isa = PBXResourcesBuildPhase;
			buildActionMask = 2147483647;
			files = (
				0470C6F12224AFF400FB795C /* Main.storyboard in Resources */,
				0468839B22272F9400FFD91E /* GoogleService-Info.plist in Resources */,
				04C6892D220CFD6C0081355C /* LaunchScreen.storyboard in Resources */,
				04C6892A220CFD6C0081355C /* Assets.xcassets in Resources */,
			);
			runOnlyForDeploymentPostprocessing = 0;
		};
/* End PBXResourcesBuildPhase section */

/* Begin PBXShellScriptBuildPhase section */
		3A92D8E31105423C3BBD2E57 /* [CP] Check Pods Manifest.lock */ = {
			isa = PBXShellScriptBuildPhase;
			buildActionMask = 2147483647;
			files = (
			);
			inputFileListPaths = (
			);
			inputPaths = (
				"${PODS_PODFILE_DIR_PATH}/Podfile.lock",
				"${PODS_ROOT}/Manifest.lock",
			);
			name = "[CP] Check Pods Manifest.lock";
			outputFileListPaths = (
			);
			outputPaths = (
				"$(DERIVED_FILE_DIR)/Pods-VConnect-checkManifestLockResult.txt",
			);
			runOnlyForDeploymentPostprocessing = 0;
			shellPath = /bin/sh;
			shellScript = "diff \"${PODS_PODFILE_DIR_PATH}/Podfile.lock\" \"${PODS_ROOT}/Manifest.lock\" > /dev/null\nif [ $? != 0 ] ; then\n    # print error to STDERR\n    echo \"error: The sandbox is not in sync with the Podfile.lock. Run 'pod install' or update your CocoaPods installation.\" >&2\n    exit 1\nfi\n# This output is used by Xcode 'outputs' to avoid re-running this script phase.\necho \"SUCCESS\" > \"${SCRIPT_OUTPUT_FILE_0}\"\n";
			showEnvVarsInLog = 0;
		};
		C6E77912F7302E4586657239 /* [CP] Embed Pods Frameworks */ = {
			isa = PBXShellScriptBuildPhase;
			buildActionMask = 2147483647;
			files = (
			);
			inputFileListPaths = (
			);
			inputPaths = (
				"${PODS_ROOT}/Target Support Files/Pods-VConnect/Pods-VConnect-frameworks.sh",
				"${BUILT_PRODUCTS_DIR}/BoringSSL-GRPC/openssl_grpc.framework",
				"${BUILT_PRODUCTS_DIR}/GTMSessionFetcher/GTMSessionFetcher.framework",
				"${BUILT_PRODUCTS_DIR}/GoogleUtilities/GoogleUtilities.framework",
				"${BUILT_PRODUCTS_DIR}/Protobuf/Protobuf.framework",
				"${BUILT_PRODUCTS_DIR}/gRPC-C++/grpcpp.framework",
				"${BUILT_PRODUCTS_DIR}/gRPC-Core/grpc.framework",
				"${BUILT_PRODUCTS_DIR}/leveldb-library/leveldb.framework",
				"${BUILT_PRODUCTS_DIR}/nanopb/nanopb.framework",
			);
			name = "[CP] Embed Pods Frameworks";
			outputFileListPaths = (
			);
			outputPaths = (
				"${TARGET_BUILD_DIR}/${FRAMEWORKS_FOLDER_PATH}/openssl_grpc.framework",
				"${TARGET_BUILD_DIR}/${FRAMEWORKS_FOLDER_PATH}/GTMSessionFetcher.framework",
				"${TARGET_BUILD_DIR}/${FRAMEWORKS_FOLDER_PATH}/GoogleUtilities.framework",
				"${TARGET_BUILD_DIR}/${FRAMEWORKS_FOLDER_PATH}/Protobuf.framework",
				"${TARGET_BUILD_DIR}/${FRAMEWORKS_FOLDER_PATH}/grpcpp.framework",
				"${TARGET_BUILD_DIR}/${FRAMEWORKS_FOLDER_PATH}/grpc.framework",
				"${TARGET_BUILD_DIR}/${FRAMEWORKS_FOLDER_PATH}/leveldb.framework",
				"${TARGET_BUILD_DIR}/${FRAMEWORKS_FOLDER_PATH}/nanopb.framework",
			);
			runOnlyForDeploymentPostprocessing = 0;
			shellPath = /bin/sh;
			shellScript = "\"${PODS_ROOT}/Target Support Files/Pods-VConnect/Pods-VConnect-frameworks.sh\"\n";
			showEnvVarsInLog = 0;
		};
/* End PBXShellScriptBuildPhase section */

/* Begin PBXSourcesBuildPhase section */
		04C6891B220CFD690081355C /* Sources */ = {
			isa = PBXSourcesBuildPhase;
			buildActionMask = 2147483647;
			files = (
				04433A792224EE7B009D6646 /* NetworkHelper.swift in Sources */,
				040AC6D5221216CA00778A5A /* TableView.swift in Sources */,
				0470C6F32224B1F700FB795C /* ProfileTableViewController.swift in Sources */,
				040337782217B6B50063960B /* LauchView.swift in Sources */,
				04C6899F220E3D4A0081355C /* ResourcesCollectionViewCell.swift in Sources */,
				040AC6D92212196100778A5A /* ResourcesTableViewController.swift in Sources */,
				04C68999220E35B00081355C /* ResourcesViewController.swift in Sources */,
				04433A7D2224EEBE009D6646 /* AppErrors.swift in Sources */,
				04C68923220CFD690081355C /* AppDelegate.swift in Sources */,
				04433A752224E911009D6646 /* GoogleNewsModel.swift in Sources */,
				046883A1222861E400FFD91E /* OrganizationModel.swift in Sources */,
				0452D84C2223BAA5003FBF59 /* TimelineDetailViewController.swift in Sources */,
				040AC6D72212190900778A5A /* ResourcesTableViewCell.swift in Sources */,
				04C68997220E35900081355C /* TimeLineViewController.swift in Sources */,
				04272D622218C44C00A42EC4 /* signedInViewController.swift in Sources */,
				040AC6E122125F5600778A5A /* TimelineCollectionViewCell.swift in Sources */,
				0468839D222741C500FFD91E /* Usersession.swift in Sources */,
				04C6899B220E39C00081355C /* AdminLoginViewController.swift in Sources */,
				040AC6DD2212286300778A5A /* DetailView.swift in Sources */,
				04272D642219188900A42EC4 /* PostViewController.swift in Sources */,
				04C689A1220FDD280081355C /* LoginView.swift in Sources */,
				04433A772224EC66009D6646 /* GlobalNewsAPI.swift in Sources */,
				04C689A3220FE6940081355C /* SignInView.swift in Sources */,
				0470C6EF22249CCE00FB795C /* TabBarViewController.swift in Sources */,
				0468839F22285D7700FFD91E /* DatabaseManager.swift in Sources */,
				046883A32229E4EC00FFD91E /* DataBaseKeys.swift in Sources */,
				0452D84E2223BAC9003FBF59 /* TimeLineDetailView.swift in Sources */,
				040337762217B58C0063960B /* LaunchViewController.swift in Sources */,
				040AC6DB2212284300778A5A /* DetailViewController.swift in Sources */,
				049D8E8B221A16E200BB2AB4 /* HelperMethods.swift in Sources */,
				04433A812224F89E009D6646 /* ImageHelper.swift in Sources */,
				040AC6DF2212474200778A5A /* TimelineView.swift in Sources */,
				04272D6622191B2900A42EC4 /* PostView.swift in Sources */,
				04C6899D220E3BAE0081355C /* ResourcesView.swift in Sources */,
				04433A7F2224EEF9009D6646 /* SecretKeys.swift in Sources */,
			);
			runOnlyForDeploymentPostprocessing = 0;
		};
/* End PBXSourcesBuildPhase section */

/* Begin PBXVariantGroup section */
		04C6892B220CFD6C0081355C /* LaunchScreen.storyboard */ = {
			isa = PBXVariantGroup;
			children = (
				04C6892C220CFD6C0081355C /* Base */,
			);
			name = LaunchScreen.storyboard;
			sourceTree = "<group>";
		};
/* End PBXVariantGroup section */

/* Begin XCBuildConfiguration section */
		04C6892F220CFD6C0081355C /* Debug */ = {
			isa = XCBuildConfiguration;
			buildSettings = {
				ALWAYS_SEARCH_USER_PATHS = NO;
				CLANG_ANALYZER_NONNULL = YES;
				CLANG_ANALYZER_NUMBER_OBJECT_CONVERSION = YES_AGGRESSIVE;
				CLANG_CXX_LANGUAGE_STANDARD = "gnu++14";
				CLANG_CXX_LIBRARY = "libc++";
				CLANG_ENABLE_MODULES = YES;
				CLANG_ENABLE_OBJC_ARC = YES;
				CLANG_ENABLE_OBJC_WEAK = YES;
				CLANG_WARN_BLOCK_CAPTURE_AUTORELEASING = YES;
				CLANG_WARN_BOOL_CONVERSION = YES;
				CLANG_WARN_COMMA = YES;
				CLANG_WARN_CONSTANT_CONVERSION = YES;
				CLANG_WARN_DEPRECATED_OBJC_IMPLEMENTATIONS = YES;
				CLANG_WARN_DIRECT_OBJC_ISA_USAGE = YES_ERROR;
				CLANG_WARN_DOCUMENTATION_COMMENTS = YES;
				CLANG_WARN_EMPTY_BODY = YES;
				CLANG_WARN_ENUM_CONVERSION = YES;
				CLANG_WARN_INFINITE_RECURSION = YES;
				CLANG_WARN_INT_CONVERSION = YES;
				CLANG_WARN_NON_LITERAL_NULL_CONVERSION = YES;
				CLANG_WARN_OBJC_IMPLICIT_RETAIN_SELF = YES;
				CLANG_WARN_OBJC_LITERAL_CONVERSION = YES;
				CLANG_WARN_OBJC_ROOT_CLASS = YES_ERROR;
				CLANG_WARN_RANGE_LOOP_ANALYSIS = YES;
				CLANG_WARN_STRICT_PROTOTYPES = YES;
				CLANG_WARN_SUSPICIOUS_MOVE = YES;
				CLANG_WARN_UNGUARDED_AVAILABILITY = YES_AGGRESSIVE;
				CLANG_WARN_UNREACHABLE_CODE = YES;
				CLANG_WARN__DUPLICATE_METHOD_MATCH = YES;
				CODE_SIGN_IDENTITY = "iPhone Developer";
				COPY_PHASE_STRIP = NO;
				DEBUG_INFORMATION_FORMAT = dwarf;
				ENABLE_STRICT_OBJC_MSGSEND = YES;
				ENABLE_TESTABILITY = YES;
				GCC_C_LANGUAGE_STANDARD = gnu11;
				GCC_DYNAMIC_NO_PIC = NO;
				GCC_NO_COMMON_BLOCKS = YES;
				GCC_OPTIMIZATION_LEVEL = 0;
				GCC_PREPROCESSOR_DEFINITIONS = (
					"DEBUG=1",
					"$(inherited)",
				);
				GCC_WARN_64_TO_32_BIT_CONVERSION = YES;
				GCC_WARN_ABOUT_RETURN_TYPE = YES_ERROR;
				GCC_WARN_UNDECLARED_SELECTOR = YES;
				GCC_WARN_UNINITIALIZED_AUTOS = YES_AGGRESSIVE;
				GCC_WARN_UNUSED_FUNCTION = YES;
				GCC_WARN_UNUSED_VARIABLE = YES;
				IPHONEOS_DEPLOYMENT_TARGET = 12.1;
				MTL_ENABLE_DEBUG_INFO = INCLUDE_SOURCE;
				MTL_FAST_MATH = YES;
				ONLY_ACTIVE_ARCH = YES;
				SDKROOT = iphoneos;
				SWIFT_ACTIVE_COMPILATION_CONDITIONS = DEBUG;
				SWIFT_OPTIMIZATION_LEVEL = "-Onone";
			};
			name = Debug;
		};
		04C68930220CFD6C0081355C /* Release */ = {
			isa = XCBuildConfiguration;
			buildSettings = {
				ALWAYS_SEARCH_USER_PATHS = NO;
				CLANG_ANALYZER_NONNULL = YES;
				CLANG_ANALYZER_NUMBER_OBJECT_CONVERSION = YES_AGGRESSIVE;
				CLANG_CXX_LANGUAGE_STANDARD = "gnu++14";
				CLANG_CXX_LIBRARY = "libc++";
				CLANG_ENABLE_MODULES = YES;
				CLANG_ENABLE_OBJC_ARC = YES;
				CLANG_ENABLE_OBJC_WEAK = YES;
				CLANG_WARN_BLOCK_CAPTURE_AUTORELEASING = YES;
				CLANG_WARN_BOOL_CONVERSION = YES;
				CLANG_WARN_COMMA = YES;
				CLANG_WARN_CONSTANT_CONVERSION = YES;
				CLANG_WARN_DEPRECATED_OBJC_IMPLEMENTATIONS = YES;
				CLANG_WARN_DIRECT_OBJC_ISA_USAGE = YES_ERROR;
				CLANG_WARN_DOCUMENTATION_COMMENTS = YES;
				CLANG_WARN_EMPTY_BODY = YES;
				CLANG_WARN_ENUM_CONVERSION = YES;
				CLANG_WARN_INFINITE_RECURSION = YES;
				CLANG_WARN_INT_CONVERSION = YES;
				CLANG_WARN_NON_LITERAL_NULL_CONVERSION = YES;
				CLANG_WARN_OBJC_IMPLICIT_RETAIN_SELF = YES;
				CLANG_WARN_OBJC_LITERAL_CONVERSION = YES;
				CLANG_WARN_OBJC_ROOT_CLASS = YES_ERROR;
				CLANG_WARN_RANGE_LOOP_ANALYSIS = YES;
				CLANG_WARN_STRICT_PROTOTYPES = YES;
				CLANG_WARN_SUSPICIOUS_MOVE = YES;
				CLANG_WARN_UNGUARDED_AVAILABILITY = YES_AGGRESSIVE;
				CLANG_WARN_UNREACHABLE_CODE = YES;
				CLANG_WARN__DUPLICATE_METHOD_MATCH = YES;
				CODE_SIGN_IDENTITY = "iPhone Developer";
				COPY_PHASE_STRIP = NO;
				DEBUG_INFORMATION_FORMAT = "dwarf-with-dsym";
				ENABLE_NS_ASSERTIONS = NO;
				ENABLE_STRICT_OBJC_MSGSEND = YES;
				GCC_C_LANGUAGE_STANDARD = gnu11;
				GCC_NO_COMMON_BLOCKS = YES;
				GCC_WARN_64_TO_32_BIT_CONVERSION = YES;
				GCC_WARN_ABOUT_RETURN_TYPE = YES_ERROR;
				GCC_WARN_UNDECLARED_SELECTOR = YES;
				GCC_WARN_UNINITIALIZED_AUTOS = YES_AGGRESSIVE;
				GCC_WARN_UNUSED_FUNCTION = YES;
				GCC_WARN_UNUSED_VARIABLE = YES;
				IPHONEOS_DEPLOYMENT_TARGET = 12.1;
				MTL_ENABLE_DEBUG_INFO = NO;
				MTL_FAST_MATH = YES;
				SDKROOT = iphoneos;
				SWIFT_COMPILATION_MODE = wholemodule;
				SWIFT_OPTIMIZATION_LEVEL = "-O";
				VALIDATE_PRODUCT = YES;
			};
			name = Release;
		};
		04C68932220CFD6C0081355C /* Debug */ = {
			isa = XCBuildConfiguration;
			baseConfigurationReference = E050E8B55D5AF4A063B40A22 /* Pods-VConnect.debug.xcconfig */;
			buildSettings = {
				ASSETCATALOG_COMPILER_APPICON_NAME = AppIcon;
				CODE_SIGN_STYLE = Automatic;
				DEVELOPMENT_TEAM = 697KD42Z5Z;
				INFOPLIST_FILE = VConnect/Info.plist;
				LD_RUNPATH_SEARCH_PATHS = (
					"$(inherited)",
					"@executable_path/Frameworks",
				);
				PRODUCT_BUNDLE_IDENTIFIER = org.EnproTech.VConnect;
				PRODUCT_NAME = "$(TARGET_NAME)";
				SWIFT_VERSION = 4.2;
				TARGETED_DEVICE_FAMILY = "1,2";
			};
			name = Debug;
		};
		04C68933220CFD6C0081355C /* Release */ = {
			isa = XCBuildConfiguration;
			baseConfigurationReference = 1517AF616C1DE3D910D4E87A /* Pods-VConnect.release.xcconfig */;
			buildSettings = {
				ASSETCATALOG_COMPILER_APPICON_NAME = AppIcon;
				CODE_SIGN_STYLE = Automatic;
				DEVELOPMENT_TEAM = 697KD42Z5Z;
				INFOPLIST_FILE = VConnect/Info.plist;
				LD_RUNPATH_SEARCH_PATHS = (
					"$(inherited)",
					"@executable_path/Frameworks",
				);
				PRODUCT_BUNDLE_IDENTIFIER = org.EnproTech.VConnect;
				PRODUCT_NAME = "$(TARGET_NAME)";
				SWIFT_VERSION = 4.2;
				TARGETED_DEVICE_FAMILY = "1,2";
			};
			name = Release;
		};
/* End XCBuildConfiguration section */

/* Begin XCConfigurationList section */
		04C6891A220CFD690081355C /* Build configuration list for PBXProject "VConnect" */ = {
			isa = XCConfigurationList;
			buildConfigurations = (
				04C6892F220CFD6C0081355C /* Debug */,
				04C68930220CFD6C0081355C /* Release */,
			);
			defaultConfigurationIsVisible = 0;
			defaultConfigurationName = Release;
		};
		04C68931220CFD6C0081355C /* Build configuration list for PBXNativeTarget "VConnect" */ = {
			isa = XCConfigurationList;
			buildConfigurations = (
				04C68932220CFD6C0081355C /* Debug */,
				04C68933220CFD6C0081355C /* Release */,
			);
			defaultConfigurationIsVisible = 0;
			defaultConfigurationName = Release;
		};
/* End XCConfigurationList section */
	};
	rootObject = 04C68917220CFD690081355C /* Project object */;
}
